Microsoft Visual Studio Solution File, Format Version 12.00
# Visual Studio Version 17
VisualStudioVersion = 17.12.35506.116
MinimumVisualStudioVersion = 10.0.40219.1
Project("{FAE04EC0-301F-11D3-BF4B-00C04F79EFBC}") = "transactionnotes.AppHost", "transactionnotes.AppHost\transactionnotes.AppHost.csproj", "{9F13DB47-3385-4B79-ADB7-F4D0AD67118E}"
EndProject
Project("{FAE04EC0-301F-11D3-BF4B-00C04F79EFBC}") = "transactionnotes.ServiceDefaults", "transactionnotes.ServiceDefaults\transactionnotes.ServiceDefaults.csproj", "{49605B88-81B0-4955-9CA7-8D29AE04DF48}"
EndProject
Project("{FAE04EC0-301F-11D3-BF4B-00C04F79EFBC}") = "transactionnotes.ApiService", "transactionnotes.ApiService\transactionnotes.ApiService.csproj", "{F61E469B-50FF-4CC7-A701-6D52F7F9BB2C}"
EndProject
Project("{FAE04EC0-301F-11D3-BF4B-00C04F79EFBC}") = "transactionnotes.Web", "transactionnotes.Web\transactionnotes.Web.csproj", "{DE566FD2-6FA1-4AA5-8068-EF538E9E3D0B}"
EndProject
Project("{FAE04EC0-301F-11D3-BF4B-00C04F79EFBC}") = "transactionnotes.Tests", "transactionnotes.Tests\transactionnotes.Tests.csproj", "{285D03CE-421C-183A-7303-7CCB40F0178F}"
EndProject
Project("{2150E333-8FDC-42A3-9474-1A3956D46DE8}") = "Database", "Database", "{02EA681E-C7D8-13C7-8484-4AC65E1B71E8}"
EndProject
Project("{2150E333-8FDC-42A3-9474-1A3956D46DE8}") = "Test", "Test", "{77FA553A-8779-4A2A-A110-29D1BB68253C}"
EndProject
Project("{FAE04EC0-301F-11D3-BF4B-00C04F79EFBC}") = "centraldb-migration", "CentralModule\centraldb-migration\centraldb-migration.csproj", "{C0EEDA75-8C4B-D17C-4CD5-735ADEF8A898}"
EndProject
Project("{2150E333-8FDC-42A3-9474-1A3956D46DE8}") = "Central", "Central", "{79A1467F-4CDC-4AE5-921C-3464421A9877}"
EndProject
Project("{FAE04EC0-301F-11D3-BF4B-00C04F79EFBC}") = "central.api", "CentralModule\central.api\central.api.csproj", "{192B7AE1-8381-7AF0-05CA-885EC675A73C}"
EndProject
Project("{2150E333-8FDC-42A3-9474-1A3956D46DE8}") = "Solution Items", "Solution Items", "{8EC462FD-D22E-90A8-E5CE-7E832BA40C5D}"
	ProjectSection(SolutionItems) = preProject
		README.md = README.md
	EndProjectSection
EndProject
Global
	GlobalSection(SolutionConfigurationPlatforms) = preSolution
		Debug|Any CPU = Debug|Any CPU
		Release|Any CPU = Release|Any CPU
	EndGlobalSection
	GlobalSection(ProjectConfigurationPlatforms) = postSolution
		{9F13DB47-3385-4B79-ADB7-F4D0AD67118E}.Debug|Any CPU.ActiveCfg = Debug|Any CPU
		{9F13DB47-3385-4B79-ADB7-F4D0AD67118E}.Debug|Any CPU.Build.0 = Debug|Any CPU
		{9F13DB47-3385-4B79-ADB7-F4D0AD67118E}.Release|Any CPU.ActiveCfg = Release|Any CPU
		{9F13DB47-3385-4B79-ADB7-F4D0AD67118E}.Release|Any CPU.Build.0 = Release|Any CPU
		{49605B88-81B0-4955-9CA7-8D29AE04DF48}.Debug|Any CPU.ActiveCfg = Debug|Any CPU
		{49605B88-81B0-4955-9CA7-8D29AE04DF48}.Debug|Any CPU.Build.0 = Debug|Any CPU
		{49605B88-81B0-4955-9CA7-8D29AE04DF48}.Release|Any CPU.ActiveCfg = Release|Any CPU
		{49605B88-81B0-4955-9CA7-8D29AE04DF48}.Release|Any CPU.Build.0 = Release|Any CPU
		{F61E469B-50FF-4CC7-A701-6D52F7F9BB2C}.Debug|Any CPU.ActiveCfg = Debug|Any CPU
		{F61E469B-50FF-4CC7-A701-6D52F7F9BB2C}.Debug|Any CPU.Build.0 = Debug|Any CPU
		{F61E469B-50FF-4CC7-A701-6D52F7F9BB2C}.Release|Any CPU.ActiveCfg = Release|Any CPU
		{F61E469B-50FF-4CC7-A701-6D52F7F9BB2C}.Release|Any CPU.Build.0 = Release|Any CPU
		{DE566FD2-6FA1-4AA5-8068-EF538E9E3D0B}.Debug|Any CPU.ActiveCfg = Debug|Any CPU
		{DE566FD2-6FA1-4AA5-8068-EF538E9E3D0B}.Debug|Any CPU.Build.0 = Debug|Any CPU
		{DE566FD2-6FA1-4AA5-8068-EF538E9E3D0B}.Release|Any CPU.ActiveCfg = Release|Any CPU
		{DE566FD2-6FA1-4AA5-8068-EF538E9E3D0B}.Release|Any CPU.Build.0 = Release|Any CPU
		{285D03CE-421C-183A-7303-7CCB40F0178F}.Debug|Any CPU.ActiveCfg = Debug|Any CPU
		{285D03CE-421C-183A-7303-7CCB40F0178F}.Debug|Any CPU.Build.0 = Debug|Any CPU
		{285D03CE-421C-183A-7303-7CCB40F0178F}.Release|Any CPU.ActiveCfg = Release|Any CPU
		{285D03CE-421C-183A-7303-7CCB40F0178F}.Release|Any CPU.Build.0 = Release|Any CPU
		{C0EEDA75-8C4B-D17C-4CD5-735ADEF8A898}.Debug|Any CPU.ActiveCfg = Debug|Any CPU
		{C0EEDA75-8C4B-D17C-4CD5-735ADEF8A898}.Debug|Any CPU.Build.0 = Debug|Any CPU
		{C0EEDA75-8C4B-D17C-4CD5-735ADEF8A898}.Release|Any CPU.ActiveCfg = Release|Any CPU
		{C0EEDA75-8C4B-D17C-4CD5-735ADEF8A898}.Release|Any CPU.Build.0 = Release|Any CPU
		{192B7AE1-8381-7AF0-05CA-885EC675A73C}.Debug|Any CPU.ActiveCfg = Debug|Any CPU
		{192B7AE1-8381-7AF0-05CA-885EC675A73C}.Debug|Any CPU.Build.0 = Debug|Any CPU
		{192B7AE1-8381-7AF0-05CA-885EC675A73C}.Release|Any CPU.ActiveCfg = Release|Any CPU
		{192B7AE1-8381-7AF0-05CA-885EC675A73C}.Release|Any CPU.Build.0 = Release|Any CPU
	EndGlobalSection
	GlobalSection(SolutionProperties) = preSolution
		HideSolutionNode = FALSE
	EndGlobalSection
	GlobalSection(NestedProjects) = preSolution
		{285D03CE-421C-183A-7303-7CCB40F0178F} = {77FA553A-8779-4A2A-A110-29D1BB68253C}
		{02EA681E-C7D8-13C7-8484-4AC65E1B71E8} = {79A1467F-4CDC-4AE5-921C-3464421A9877}
		{C0EEDA75-8C4B-D17C-4CD5-735ADEF8A898} = {02EA681E-C7D8-13C7-8484-4AC65E1B71E8}
		{192B7AE1-8381-7AF0-05CA-885EC675A73C} = {79A1467F-4CDC-4AE5-921C-3464421A9877}
	EndGlobalSection
	GlobalSection(ExtensibilityGlobals) = postSolution
		SolutionGuid = {FB7391FB-B016-4470-863A-B8C98147F5D9}
	EndGlobalSection
EndGlobal
